
Microsoft Visual Studio Solution File, Format Version 12.00
# Visual Studio Version 16
VisualStudioVersion = 16.0.31729.503
MinimumVisualStudioVersion = 10.0.40219.1
Project("{FAE04EC0-301F-11D3-BF4B-00C04F79EFBC}") = "CalculoDeArea.Core.Lib", "CalculoDeArea.Core.Lib\CalculoDeArea.Core.Lib.csproj", "{BC010A49-74F1-44F0-8D27-61ECBC37CB4D}"
EndProject
Project("{FAE04EC0-301F-11D3-BF4B-00C04F79EFBC}") = "CalculoDeArea.Core.Tests", "CalculoDeArea.Core.Tests\CalculoDeArea.Core.Tests.csproj", "{8C6C2017-3343-4BEE-985C-175FDA17DAEE}"
EndProject
Project("{FAE04EC0-301F-11D3-BF4B-00C04F79EFBC}") = "CalculoDeArea.Wpf", "CalculoDeArea.Wpf\CalculoDeArea.Wpf.csproj", "{9763200C-F539-4AB3-8994-DB74C3A37B99}"
EndProject
Global
	GlobalSection(SolutionConfigurationPlatforms) = preSolution
		Debug|Any CPU = Debug|Any CPU
		Release|Any CPU = Release|Any CPU
	EndGlobalSection
	GlobalSection(ProjectConfigurationPlatforms) = postSolution
		{BC010A49-74F1-44F0-8D27-61ECBC37CB4D}.Debug|Any CPU.ActiveCfg = Debug|Any CPU
		{BC010A49-74F1-44F0-8D27-61ECBC37CB4D}.Debug|Any CPU.Build.0 = Debug|Any CPU
		{BC010A49-74F1-44F0-8D27-61ECBC37CB4D}.Release|Any CPU.ActiveCfg = Release|Any CPU
		{BC010A49-74F1-44F0-8D27-61ECBC37CB4D}.Release|Any CPU.Build.0 = Release|Any CPU
		{8C6C2017-3343-4BEE-985C-175FDA17DAEE}.Debug|Any CPU.ActiveCfg = Debug|Any CPU
		{8C6C2017-3343-4BEE-985C-175FDA17DAEE}.Debug|Any CPU.Build.0 = Debug|Any CPU
		{8C6C2017-3343-4BEE-985C-175FDA17DAEE}.Release|Any CPU.ActiveCfg = Release|Any CPU
		{8C6C2017-3343-4BEE-985C-175FDA17DAEE}.Release|Any CPU.Build.0 = Release|Any CPU
		{9763200C-F539-4AB3-8994-DB74C3A37B99}.Debug|Any CPU.ActiveCfg = Debug|Any CPU
		{9763200C-F539-4AB3-8994-DB74C3A37B99}.Debug|Any CPU.Build.0 = Debug|Any CPU
		{9763200C-F539-4AB3-8994-DB74C3A37B99}.Release|Any CPU.ActiveCfg = Release|Any CPU
		{9763200C-F539-4AB3-8994-DB74C3A37B99}.Release|Any CPU.Build.0 = Release|Any CPU
	EndGlobalSection
	GlobalSection(SolutionProperties) = preSolution
		HideSolutionNode = FALSE
	EndGlobalSection
	GlobalSection(ExtensibilityGlobals) = postSolution
		SolutionGuid = {D53FA402-61BC-4273-9C71-4167E7552E8F}
	EndGlobalSection
EndGlobal
